
Microsoft Visual Studio Solution File, Format Version 12.00
# Visual Studio 15
VisualStudioVersion = 15.0.28010.2041
MinimumVisualStudioVersion = 10.0.40219.1
Project("{FAE04EC0-301F-11D3-BF4B-00C04F79EFBC}") = "areIsomorphic", "areIsomorphic\areIsomorphic.csproj", "{0E878512-A287-478A-A5F1-CDA25B6ED8FB}"
EndProject
Global
	GlobalSection(SolutionConfigurationPlatforms) = preSolution
		Debug|Any CPU = Debug|Any CPU
		Release|Any CPU = Release|Any CPU
	EndGlobalSection
	GlobalSection(ProjectConfigurationPlatforms) = postSolution
		{0E878512-A287-478A-A5F1-CDA25B6ED8FB}.Debug|Any CPU.ActiveCfg = Debug|Any CPU
		{0E878512-A287-478A-A5F1-CDA25B6ED8FB}.Debug|Any CPU.Build.0 = Debug|Any CPU
		{0E878512-A287-478A-A5F1-CDA25B6ED8FB}.Release|Any CPU.ActiveCfg = Release|Any CPU
		{0E878512-A287-478A-A5F1-CDA25B6ED8FB}.Release|Any CPU.Build.0 = Release|Any CPU
	EndGlobalSection
	GlobalSection(SolutionProperties) = preSolution
		HideSolutionNode = FALSE
	EndGlobalSection
	GlobalSection(ExtensibilityGlobals) = postSolution
		SolutionGuid = {5F8B9EB7-1C86-4A0E-9763-A2DB44C01DC4}
	EndGlobalSection
EndGlobal
