
Microsoft Visual Studio Solution File, Format Version 12.00
# Visual Studio 15
VisualStudioVersion = 15.0.28010.2041
MinimumVisualStudioVersion = 10.0.40219.1
Project("{FAE04EC0-301F-11D3-BF4B-00C04F79EFBC}") = "hashMap", "hashMap\hashMap.csproj", "{CEE0FB60-7AE1-4ADB-946F-1778E5D7E003}"
EndProject
Global
	GlobalSection(SolutionConfigurationPlatforms) = preSolution
		Debug|Any CPU = Debug|Any CPU
		Release|Any CPU = Release|Any CPU
	EndGlobalSection
	GlobalSection(ProjectConfigurationPlatforms) = postSolution
		{CEE0FB60-7AE1-4ADB-946F-1778E5D7E003}.Debug|Any CPU.ActiveCfg = Debug|Any CPU
		{CEE0FB60-7AE1-4ADB-946F-1778E5D7E003}.Debug|Any CPU.Build.0 = Debug|Any CPU
		{CEE0FB60-7AE1-4ADB-946F-1778E5D7E003}.Release|Any CPU.ActiveCfg = Release|Any CPU
		{CEE0FB60-7AE1-4ADB-946F-1778E5D7E003}.Release|Any CPU.Build.0 = Release|Any CPU
	EndGlobalSection
	GlobalSection(SolutionProperties) = preSolution
		HideSolutionNode = FALSE
	EndGlobalSection
	GlobalSection(ExtensibilityGlobals) = postSolution
		SolutionGuid = {299742AF-D455-4D6D-90C0-AD9D686216EE}
	EndGlobalSection
EndGlobal
