
Microsoft Visual Studio Solution File, Format Version 12.00
# Visual Studio 15
VisualStudioVersion = 15.0.28010.2041
MinimumVisualStudioVersion = 10.0.40219.1
Project("{FAE04EC0-301F-11D3-BF4B-00C04F79EFBC}") = "fileNaming", "fileNaming\fileNaming.csproj", "{F08D6685-7077-4278-8B8C-2CA11074B47D}"
EndProject
Global
	GlobalSection(SolutionConfigurationPlatforms) = preSolution
		Debug|Any CPU = Debug|Any CPU
		Release|Any CPU = Release|Any CPU
	EndGlobalSection
	GlobalSection(ProjectConfigurationPlatforms) = postSolution
		{F08D6685-7077-4278-8B8C-2CA11074B47D}.Debug|Any CPU.ActiveCfg = Debug|Any CPU
		{F08D6685-7077-4278-8B8C-2CA11074B47D}.Debug|Any CPU.Build.0 = Debug|Any CPU
		{F08D6685-7077-4278-8B8C-2CA11074B47D}.Release|Any CPU.ActiveCfg = Release|Any CPU
		{F08D6685-7077-4278-8B8C-2CA11074B47D}.Release|Any CPU.Build.0 = Release|Any CPU
	EndGlobalSection
	GlobalSection(SolutionProperties) = preSolution
		HideSolutionNode = FALSE
	EndGlobalSection
	GlobalSection(ExtensibilityGlobals) = postSolution
		SolutionGuid = {E75A4FA2-C555-41D7-AF9F-D8CBB4D7BB59}
	EndGlobalSection
EndGlobal
